
Microsoft Visual Studio Solution File, Format Version 12.00
# Visual Studio Version 17
VisualStudioVersion = 17.0.32014.148
MinimumVisualStudioVersion = 10.0.40219.1
Project("{8BC9CEB8-8B4A-11D0-8D11-00A0C91BC942}") = "djb2_hash", "djb2_hash\djb2_hash.vcxproj", "{7CBBB511-37B0-4907-B3F7-67C145EDDA3A}"
EndProject
Global
	GlobalSection(SolutionConfigurationPlatforms) = preSolution
		Debug|x64 = Debug|x64
		Debug|x86 = Debug|x86
		Release|x64 = Release|x64
		Release|x86 = Release|x86
	EndGlobalSection
	GlobalSection(ProjectConfigurationPlatforms) = postSolution
		{7CBBB511-37B0-4907-B3F7-67C145EDDA3A}.Debug|x64.ActiveCfg = Debug|x64
		{7CBBB511-37B0-4907-B3F7-67C145EDDA3A}.Debug|x64.Build.0 = Debug|x64
		{7CBBB511-37B0-4907-B3F7-67C145EDDA3A}.Debug|x86.ActiveCfg = Debug|Win32
		{7CBBB511-37B0-4907-B3F7-67C145EDDA3A}.Debug|x86.Build.0 = Debug|Win32
		{7CBBB511-37B0-4907-B3F7-67C145EDDA3A}.Release|x64.ActiveCfg = Release|x64
		{7CBBB511-37B0-4907-B3F7-67C145EDDA3A}.Release|x64.Build.0 = Release|x64
		{7CBBB511-37B0-4907-B3F7-67C145EDDA3A}.Release|x86.ActiveCfg = Release|Win32
		{7CBBB511-37B0-4907-B3F7-67C145EDDA3A}.Release|x86.Build.0 = Release|Win32
	EndGlobalSection
	GlobalSection(SolutionProperties) = preSolution
		HideSolutionNode = FALSE
	EndGlobalSection
	GlobalSection(ExtensibilityGlobals) = postSolution
		SolutionGuid = {2703F1B3-18C5-47EB-93F1-4E7FC4C95C8C}
	EndGlobalSection
EndGlobal
